uuid: 290e2a56-74c1-4339-8284-49707b4a65d1
langcode: en
status: true
dependencies:
  module:
    - block_field
    - paragraphs
id: paragraph.field_sf_block
field_name: field_sf_block
entity_type: paragraph
type: block_field
settings: {  }
module: block_field
locked: false
cardinality: 1
translatable: true
indexes: {  }
persist_with_no_fields: false
custom_storage: false
